
Microsoft Visual Studio Solution File, Format Version 12.00
# Visual Studio Version 17
VisualStudioVersion = 17.0.31903.59
MinimumVisualStudioVersion = 10.0.40219.1
Project("{FAE04EC0-301F-11D3-BF4B-00C04F79EFBC}") = "LineNex.Api", "LineNex.Api\LineNex.Api.csproj", "{5E7C0AB7-26E2-45FA-984A-DC137DC5A71C}"
EndProject
Project("{FAE04EC0-301F-11D3-BF4B-00C04F79EFBC}") = "LineNex.Application", "LineNex.Application\LineNex.Application.csproj", "{EAC8908A-EB1E-4FB1-82A2-57814B5D3FE0}"
EndProject
Project("{FAE04EC0-301F-11D3-BF4B-00C04F79EFBC}") = "LineNex.Core", "LineNex.Core\LineNex.Core.csproj", "{F6540418-9530-4643-9478-DA7C9B363493}"
EndProject
Project("{FAE04EC0-301F-11D3-BF4B-00C04F79EFBC}") = "LineNex.Domain", "LineNex.Domain\LineNex.Domain.csproj", "{F9E9A4F0-A727-4263-A9A9-2C39A5736E5B}"
EndProject
Project("{FAE04EC0-301F-11D3-BF4B-00C04F79EFBC}") = "LineNex.Infrastructure", "LineNex.Infrastructure\LineNex.Infrastructure.csproj", "{FB22BEF8-F1C9-4049-8F72-A848AE5B0C1C}"
EndProject
Project("{FAE04EC0-301F-11D3-BF4B-00C04F79EFBC}") = "LineNex.Service", "LineNex.Service\LineNex.Service.csproj", "{7CDB5A6F-BCCA-489C-A8BD-DF4A6EB7E0B9}"
EndProject
Project("{FAE04EC0-301F-11D3-BF4B-00C04F79EFBC}") = "LineNex.Specification", "LineNex.Specification\LineNex.Specification.csproj", "{0E4CAD7F-1F73-4C2B-9C49-E2E9B0E6E499}"
EndProject
Project("{E53339B2-1760-4266-BCC7-CA923CBCF16C}") = "docker-compose", "Configuration.Containerization\docker-compose.dcproj", "{81DDED9D-158B-E303-5F62-77A2896D2A5A}"
EndProject
Project("{2150E333-8FDC-42A3-9474-1A3956D46DE8}") = "LineNex.Tests", "LineNex.Tests", "{1FB566CB-57CC-A78C-4EFF-8EEB437D47E1}"
EndProject
Project("{FAE04EC0-301F-11D3-BF4B-00C04F79EFBC}") = "LineNex.Tests.AcceptanceTests", "LineNex.Tests\LineNex.Tests.AcceptanceTests\LineNex.Tests.AcceptanceTests.csproj", "{C3C3FB94-E17D-43CF-8D81-20E9E4FEA618}"
EndProject
Project("{FAE04EC0-301F-11D3-BF4B-00C04F79EFBC}") = "LineNex.Tests.IntegrationTests", "LineNex.Tests\LineNex.Tests.IntegrationTests\LineNex.Tests.IntegrationTests.csproj", "{40A17329-1527-4CC2-807C-279153909DE9}"
EndProject
Project("{FAE04EC0-301F-11D3-BF4B-00C04F79EFBC}") = "LineNex.Tests.UnitTests", "LineNex.Tests\LineNex.Tests.UnitTests\LineNex.Tests.UnitTests.csproj", "{83FCBE06-224F-412A-85A4-C009FAB73CC7}"
EndProject
Global
	GlobalSection(SolutionConfigurationPlatforms) = preSolution
		Debug|Any CPU = Debug|Any CPU
		Debug|x64 = Debug|x64
		Debug|x86 = Debug|x86
		Release|Any CPU = Release|Any CPU
		Release|x64 = Release|x64
		Release|x86 = Release|x86
	EndGlobalSection
	GlobalSection(ProjectConfigurationPlatforms) = postSolution
		{484C8B77-E29B-44D8-95E9-135F2AA41E78}.Debug|Any CPU.ActiveCfg = Debug|Any CPU
		{484C8B77-E29B-44D8-95E9-135F2AA41E78}.Debug|Any CPU.Build.0 = Debug|Any CPU
		{484C8B77-E29B-44D8-95E9-135F2AA41E78}.Debug|x64.ActiveCfg = Debug|Any CPU
		{484C8B77-E29B-44D8-95E9-135F2AA41E78}.Debug|x64.Build.0 = Debug|Any CPU
		{484C8B77-E29B-44D8-95E9-135F2AA41E78}.Debug|x86.ActiveCfg = Debug|Any CPU
		{484C8B77-E29B-44D8-95E9-135F2AA41E78}.Debug|x86.Build.0 = Debug|Any CPU
		{484C8B77-E29B-44D8-95E9-135F2AA41E78}.Release|Any CPU.ActiveCfg = Release|Any CPU
		{484C8B77-E29B-44D8-95E9-135F2AA41E78}.Release|Any CPU.Build.0 = Release|Any CPU
		{484C8B77-E29B-44D8-95E9-135F2AA41E78}.Release|x64.ActiveCfg = Release|Any CPU
		{484C8B77-E29B-44D8-95E9-135F2AA41E78}.Release|x64.Build.0 = Release|Any CPU
		{484C8B77-E29B-44D8-95E9-135F2AA41E78}.Release|x86.ActiveCfg = Release|Any CPU
		{484C8B77-E29B-44D8-95E9-135F2AA41E78}.Release|x86.Build.0 = Release|Any CPU
		{5E7C0AB7-26E2-45FA-984A-DC137DC5A71C}.Debug|Any CPU.ActiveCfg = Debug|Any CPU
		{5E7C0AB7-26E2-45FA-984A-DC137DC5A71C}.Debug|Any CPU.Build.0 = Debug|Any CPU
		{5E7C0AB7-26E2-45FA-984A-DC137DC5A71C}.Debug|x64.ActiveCfg = Debug|Any CPU
		{5E7C0AB7-26E2-45FA-984A-DC137DC5A71C}.Debug|x64.Build.0 = Debug|Any CPU
		{5E7C0AB7-26E2-45FA-984A-DC137DC5A71C}.Debug|x86.ActiveCfg = Debug|Any CPU
		{5E7C0AB7-26E2-45FA-984A-DC137DC5A71C}.Debug|x86.Build.0 = Debug|Any CPU
		{5E7C0AB7-26E2-45FA-984A-DC137DC5A71C}.Release|Any CPU.ActiveCfg = Release|Any CPU
		{5E7C0AB7-26E2-45FA-984A-DC137DC5A71C}.Release|Any CPU.Build.0 = Release|Any CPU
		{5E7C0AB7-26E2-45FA-984A-DC137DC5A71C}.Release|x64.ActiveCfg = Release|Any CPU
		{5E7C0AB7-26E2-45FA-984A-DC137DC5A71C}.Release|x64.Build.0 = Release|Any CPU
		{5E7C0AB7-26E2-45FA-984A-DC137DC5A71C}.Release|x86.ActiveCfg = Release|Any CPU
		{5E7C0AB7-26E2-45FA-984A-DC137DC5A71C}.Release|x86.Build.0 = Release|Any CPU
		{EAC8908A-EB1E-4FB1-82A2-57814B5D3FE0}.Debug|Any CPU.ActiveCfg = Debug|Any CPU
		{EAC8908A-EB1E-4FB1-82A2-57814B5D3FE0}.Debug|Any CPU.Build.0 = Debug|Any CPU
		{EAC8908A-EB1E-4FB1-82A2-57814B5D3FE0}.Debug|x64.ActiveCfg = Debug|Any CPU
		{EAC8908A-EB1E-4FB1-82A2-57814B5D3FE0}.Debug|x64.Build.0 = Debug|Any CPU
		{EAC8908A-EB1E-4FB1-82A2-57814B5D3FE0}.Debug|x86.ActiveCfg = Debug|Any CPU
		{EAC8908A-EB1E-4FB1-82A2-57814B5D3FE0}.Debug|x86.Build.0 = Debug|Any CPU
		{EAC8908A-EB1E-4FB1-82A2-57814B5D3FE0}.Release|Any CPU.ActiveCfg = Release|Any CPU
		{EAC8908A-EB1E-4FB1-82A2-57814B5D3FE0}.Release|Any CPU.Build.0 = Release|Any CPU
		{EAC8908A-EB1E-4FB1-82A2-57814B5D3FE0}.Release|x64.ActiveCfg = Release|Any CPU
		{EAC8908A-EB1E-4FB1-82A2-57814B5D3FE0}.Release|x64.Build.0 = Release|Any CPU
		{EAC8908A-EB1E-4FB1-82A2-57814B5D3FE0}.Release|x86.ActiveCfg = Release|Any CPU
		{EAC8908A-EB1E-4FB1-82A2-57814B5D3FE0}.Release|x86.Build.0 = Release|Any CPU
		{F6540418-9530-4643-9478-DA7C9B363493}.Debug|Any CPU.ActiveCfg = Debug|Any CPU
		{F6540418-9530-4643-9478-DA7C9B363493}.Debug|Any CPU.Build.0 = Debug|Any CPU
		{F6540418-9530-4643-9478-DA7C9B363493}.Debug|x64.ActiveCfg = Debug|Any CPU
		{F6540418-9530-4643-9478-DA7C9B363493}.Debug|x64.Build.0 = Debug|Any CPU
		{F6540418-9530-4643-9478-DA7C9B363493}.Debug|x86.ActiveCfg = Debug|Any CPU
		{F6540418-9530-4643-9478-DA7C9B363493}.Debug|x86.Build.0 = Debug|Any CPU
		{F6540418-9530-4643-9478-DA7C9B363493}.Release|Any CPU.ActiveCfg = Release|Any CPU
		{F6540418-9530-4643-9478-DA7C9B363493}.Release|Any CPU.Build.0 = Release|Any CPU
		{F6540418-9530-4643-9478-DA7C9B363493}.Release|x64.ActiveCfg = Release|Any CPU
		{F6540418-9530-4643-9478-DA7C9B363493}.Release|x64.Build.0 = Release|Any CPU
		{F6540418-9530-4643-9478-DA7C9B363493}.Release|x86.ActiveCfg = Release|Any CPU
		{F6540418-9530-4643-9478-DA7C9B363493}.Release|x86.Build.0 = Release|Any CPU
		{F9E9A4F0-A727-4263-A9A9-2C39A5736E5B}.Debug|Any CPU.ActiveCfg = Debug|Any CPU
		{F9E9A4F0-A727-4263-A9A9-2C39A5736E5B}.Debug|Any CPU.Build.0 = Debug|Any CPU
		{F9E9A4F0-A727-4263-A9A9-2C39A5736E5B}.Debug|x64.ActiveCfg = Debug|Any CPU
		{F9E9A4F0-A727-4263-A9A9-2C39A5736E5B}.Debug|x64.Build.0 = Debug|Any CPU
		{F9E9A4F0-A727-4263-A9A9-2C39A5736E5B}.Debug|x86.ActiveCfg = Debug|Any CPU
		{F9E9A4F0-A727-4263-A9A9-2C39A5736E5B}.Debug|x86.Build.0 = Debug|Any CPU
		{F9E9A4F0-A727-4263-A9A9-2C39A5736E5B}.Release|Any CPU.ActiveCfg = Release|Any CPU
		{F9E9A4F0-A727-4263-A9A9-2C39A5736E5B}.Release|Any CPU.Build.0 = Release|Any CPU
		{F9E9A4F0-A727-4263-A9A9-2C39A5736E5B}.Release|x64.ActiveCfg = Release|Any CPU
		{F9E9A4F0-A727-4263-A9A9-2C39A5736E5B}.Release|x64.Build.0 = Release|Any CPU
		{F9E9A4F0-A727-4263-A9A9-2C39A5736E5B}.Release|x86.ActiveCfg = Release|Any CPU
		{F9E9A4F0-A727-4263-A9A9-2C39A5736E5B}.Release|x86.Build.0 = Release|Any CPU
		{FB22BEF8-F1C9-4049-8F72-A848AE5B0C1C}.Debug|Any CPU.ActiveCfg = Debug|Any CPU
		{FB22BEF8-F1C9-4049-8F72-A848AE5B0C1C}.Debug|Any CPU.Build.0 = Debug|Any CPU
		{FB22BEF8-F1C9-4049-8F72-A848AE5B0C1C}.Debug|x64.ActiveCfg = Debug|Any CPU
		{FB22BEF8-F1C9-4049-8F72-A848AE5B0C1C}.Debug|x64.Build.0 = Debug|Any CPU
		{FB22BEF8-F1C9-4049-8F72-A848AE5B0C1C}.Debug|x86.ActiveCfg = Debug|Any CPU
		{FB22BEF8-F1C9-4049-8F72-A848AE5B0C1C}.Debug|x86.Build.0 = Debug|Any CPU
		{FB22BEF8-F1C9-4049-8F72-A848AE5B0C1C}.Release|Any CPU.ActiveCfg = Release|Any CPU
		{FB22BEF8-F1C9-4049-8F72-A848AE5B0C1C}.Release|Any CPU.Build.0 = Release|Any CPU
		{FB22BEF8-F1C9-4049-8F72-A848AE5B0C1C}.Release|x64.ActiveCfg = Release|Any CPU
		{FB22BEF8-F1C9-4049-8F72-A848AE5B0C1C}.Release|x64.Build.0 = Release|Any CPU
		{FB22BEF8-F1C9-4049-8F72-A848AE5B0C1C}.Release|x86.ActiveCfg = Release|Any CPU
		{FB22BEF8-F1C9-4049-8F72-A848AE5B0C1C}.Release|x86.Build.0 = Release|Any CPU
		{7CDB5A6F-BCCA-489C-A8BD-DF4A6EB7E0B9}.Debug|Any CPU.ActiveCfg = Debug|Any CPU
		{7CDB5A6F-BCCA-489C-A8BD-DF4A6EB7E0B9}.Debug|Any CPU.Build.0 = Debug|Any CPU
		{7CDB5A6F-BCCA-489C-A8BD-DF4A6EB7E0B9}.Debug|x64.ActiveCfg = Debug|Any CPU
		{7CDB5A6F-BCCA-489C-A8BD-DF4A6EB7E0B9}.Debug|x64.Build.0 = Debug|Any CPU
		{7CDB5A6F-BCCA-489C-A8BD-DF4A6EB7E0B9}.Debug|x86.ActiveCfg = Debug|Any CPU
		{7CDB5A6F-BCCA-489C-A8BD-DF4A6EB7E0B9}.Debug|x86.Build.0 = Debug|Any CPU
		{7CDB5A6F-BCCA-489C-A8BD-DF4A6EB7E0B9}.Release|Any CPU.ActiveCfg = Release|Any CPU
		{7CDB5A6F-BCCA-489C-A8BD-DF4A6EB7E0B9}.Release|Any CPU.Build.0 = Release|Any CPU
		{7CDB5A6F-BCCA-489C-A8BD-DF4A6EB7E0B9}.Release|x64.ActiveCfg = Release|Any CPU
		{7CDB5A6F-BCCA-489C-A8BD-DF4A6EB7E0B9}.Release|x64.Build.0 = Release|Any CPU
		{7CDB5A6F-BCCA-489C-A8BD-DF4A6EB7E0B9}.Release|x86.ActiveCfg = Release|Any CPU
		{7CDB5A6F-BCCA-489C-A8BD-DF4A6EB7E0B9}.Release|x86.Build.0 = Release|Any CPU
		{0E4CAD7F-1F73-4C2B-9C49-E2E9B0E6E499}.Debug|Any CPU.ActiveCfg = Debug|Any CPU
		{0E4CAD7F-1F73-4C2B-9C49-E2E9B0E6E499}.Debug|Any CPU.Build.0 = Debug|Any CPU
		{0E4CAD7F-1F73-4C2B-9C49-E2E9B0E6E499}.Debug|x64.ActiveCfg = Debug|Any CPU
		{0E4CAD7F-1F73-4C2B-9C49-E2E9B0E6E499}.Debug|x64.Build.0 = Debug|Any CPU
		{0E4CAD7F-1F73-4C2B-9C49-E2E9B0E6E499}.Debug|x86.ActiveCfg = Debug|Any CPU
		{0E4CAD7F-1F73-4C2B-9C49-E2E9B0E6E499}.Debug|x86.Build.0 = Debug|Any CPU
		{0E4CAD7F-1F73-4C2B-9C49-E2E9B0E6E499}.Release|Any CPU.ActiveCfg = Release|Any CPU
		{0E4CAD7F-1F73-4C2B-9C49-E2E9B0E6E499}.Release|Any CPU.Build.0 = Release|Any CPU
		{0E4CAD7F-1F73-4C2B-9C49-E2E9B0E6E499}.Release|x64.ActiveCfg = Release|Any CPU
		{0E4CAD7F-1F73-4C2B-9C49-E2E9B0E6E499}.Release|x64.Build.0 = Release|Any CPU
		{0E4CAD7F-1F73-4C2B-9C49-E2E9B0E6E499}.Release|x86.ActiveCfg = Release|Any CPU
		{0E4CAD7F-1F73-4C2B-9C49-E2E9B0E6E499}.Release|x86.Build.0 = Release|Any CPU
		{81DDED9D-158B-E303-5F62-77A2896D2A5A}.Debug|Any CPU.ActiveCfg = Debug|Any CPU
		{81DDED9D-158B-E303-5F62-77A2896D2A5A}.Debug|Any CPU.Build.0 = Debug|Any CPU
		{81DDED9D-158B-E303-5F62-77A2896D2A5A}.Debug|x64.ActiveCfg = Debug|Any CPU
		{81DDED9D-158B-E303-5F62-77A2896D2A5A}.Debug|x64.Build.0 = Debug|Any CPU
		{81DDED9D-158B-E303-5F62-77A2896D2A5A}.Debug|x86.ActiveCfg = Debug|Any CPU
		{81DDED9D-158B-E303-5F62-77A2896D2A5A}.Debug|x86.Build.0 = Debug|Any CPU
		{81DDED9D-158B-E303-5F62-77A2896D2A5A}.Release|Any CPU.ActiveCfg = Release|Any CPU
		{81DDED9D-158B-E303-5F62-77A2896D2A5A}.Release|Any CPU.Build.0 = Release|Any CPU
		{81DDED9D-158B-E303-5F62-77A2896D2A5A}.Release|x64.ActiveCfg = Release|Any CPU
		{81DDED9D-158B-E303-5F62-77A2896D2A5A}.Release|x64.Build.0 = Release|Any CPU
		{81DDED9D-158B-E303-5F62-77A2896D2A5A}.Release|x86.ActiveCfg = Release|Any CPU
		{81DDED9D-158B-E303-5F62-77A2896D2A5A}.Release|x86.Build.0 = Release|Any CPU
		{C3C3FB94-E17D-43CF-8D81-20E9E4FEA618}.Debug|Any CPU.ActiveCfg = Debug|Any CPU
		{C3C3FB94-E17D-43CF-8D81-20E9E4FEA618}.Debug|Any CPU.Build.0 = Debug|Any CPU
		{C3C3FB94-E17D-43CF-8D81-20E9E4FEA618}.Debug|x64.ActiveCfg = Debug|Any CPU
		{C3C3FB94-E17D-43CF-8D81-20E9E4FEA618}.Debug|x64.Build.0 = Debug|Any CPU
		{C3C3FB94-E17D-43CF-8D81-20E9E4FEA618}.Debug|x86.ActiveCfg = Debug|Any CPU
		{C3C3FB94-E17D-43CF-8D81-20E9E4FEA618}.Debug|x86.Build.0 = Debug|Any CPU
		{C3C3FB94-E17D-43CF-8D81-20E9E4FEA618}.Release|Any CPU.ActiveCfg = Release|Any CPU
		{C3C3FB94-E17D-43CF-8D81-20E9E4FEA618}.Release|Any CPU.Build.0 = Release|Any CPU
		{C3C3FB94-E17D-43CF-8D81-20E9E4FEA618}.Release|x64.ActiveCfg = Release|Any CPU
		{C3C3FB94-E17D-43CF-8D81-20E9E4FEA618}.Release|x64.Build.0 = Release|Any CPU
		{C3C3FB94-E17D-43CF-8D81-20E9E4FEA618}.Release|x86.ActiveCfg = Release|Any CPU
		{C3C3FB94-E17D-43CF-8D81-20E9E4FEA618}.Release|x86.Build.0 = Release|Any CPU
		{40A17329-1527-4CC2-807C-279153909DE9}.Debug|Any CPU.ActiveCfg = Debug|Any CPU
		{40A17329-1527-4CC2-807C-279153909DE9}.Debug|Any CPU.Build.0 = Debug|Any CPU
		{40A17329-1527-4CC2-807C-279153909DE9}.Debug|x64.ActiveCfg = Debug|Any CPU
		{40A17329-1527-4CC2-807C-279153909DE9}.Debug|x64.Build.0 = Debug|Any CPU
		{40A17329-1527-4CC2-807C-279153909DE9}.Debug|x86.ActiveCfg = Debug|Any CPU
		{40A17329-1527-4CC2-807C-279153909DE9}.Debug|x86.Build.0 = Debug|Any CPU
		{40A17329-1527-4CC2-807C-279153909DE9}.Release|Any CPU.ActiveCfg = Release|Any CPU
		{40A17329-1527-4CC2-807C-279153909DE9}.Release|Any CPU.Build.0 = Release|Any CPU
		{40A17329-1527-4CC2-807C-279153909DE9}.Release|x64.ActiveCfg = Release|Any CPU
		{40A17329-1527-4CC2-807C-279153909DE9}.Release|x64.Build.0 = Release|Any CPU
		{40A17329-1527-4CC2-807C-279153909DE9}.Release|x86.ActiveCfg = Release|Any CPU
		{40A17329-1527-4CC2-807C-279153909DE9}.Release|x86.Build.0 = Release|Any CPU
		{83FCBE06-224F-412A-85A4-C009FAB73CC7}.Debug|Any CPU.ActiveCfg = Debug|Any CPU
		{83FCBE06-224F-412A-85A4-C009FAB73CC7}.Debug|Any CPU.Build.0 = Debug|Any CPU
		{83FCBE06-224F-412A-85A4-C009FAB73CC7}.Debug|x64.ActiveCfg = Debug|Any CPU
		{83FCBE06-224F-412A-85A4-C009FAB73CC7}.Debug|x64.Build.0 = Debug|Any CPU
		{83FCBE06-224F-412A-85A4-C009FAB73CC7}.Debug|x86.ActiveCfg = Debug|Any CPU
		{83FCBE06-224F-412A-85A4-C009FAB73CC7}.Debug|x86.Build.0 = Debug|Any CPU
		{83FCBE06-224F-412A-85A4-C009FAB73CC7}.Release|Any CPU.ActiveCfg = Release|Any CPU
		{83FCBE06-224F-412A-85A4-C009FAB73CC7}.Release|Any CPU.Build.0 = Release|Any CPU
		{83FCBE06-224F-412A-85A4-C009FAB73CC7}.Release|x64.ActiveCfg = Release|Any CPU
		{83FCBE06-224F-412A-85A4-C009FAB73CC7}.Release|x64.Build.0 = Release|Any CPU
		{83FCBE06-224F-412A-85A4-C009FAB73CC7}.Release|x86.ActiveCfg = Release|Any CPU
		{83FCBE06-224F-412A-85A4-C009FAB73CC7}.Release|x86.Build.0 = Release|Any CPU
	EndGlobalSection
	GlobalSection(SolutionProperties) = preSolution
		HideSolutionNode = FALSE
	EndGlobalSection
	GlobalSection(NestedProjects) = preSolution
		{C3C3FB94-E17D-43CF-8D81-20E9E4FEA618} = {1FB566CB-57CC-A78C-4EFF-8EEB437D47E1}
		{40A17329-1527-4CC2-807C-279153909DE9} = {1FB566CB-57CC-A78C-4EFF-8EEB437D47E1}
		{83FCBE06-224F-412A-85A4-C009FAB73CC7} = {1FB566CB-57CC-A78C-4EFF-8EEB437D47E1}
	EndGlobalSection
EndGlobal
